
Microsoft Visual Studio Solution File, Format Version 12.00
# Visual Studio Version 17
VisualStudioVersion = 17.4.33213.308
MinimumVisualStudioVersion = 10.0.40219.1
Project("{FAE04EC0-301F-11D3-BF4B-00C04F79EFBC}") = "StacksAndQueuesProblems", "StacksAndQueuesProblems.csproj", "{F4C6B11F-877C-4D5C-A88F-71ACE8702761}"
EndProject
Global
	GlobalSection(SolutionConfigurationPlatforms) = preSolution
		Debug|Any CPU = Debug|Any CPU
		Release|Any CPU = Release|Any CPU
	EndGlobalSection
	GlobalSection(ProjectConfigurationPlatforms) = postSolution
		{F4C6B11F-877C-4D5C-A88F-71ACE8702761}.Debug|Any CPU.ActiveCfg = Debug|Any CPU
		{F4C6B11F-877C-4D5C-A88F-71ACE8702761}.Debug|Any CPU.Build.0 = Debug|Any CPU
		{F4C6B11F-877C-4D5C-A88F-71ACE8702761}.Release|Any CPU.ActiveCfg = Release|Any CPU
		{F4C6B11F-877C-4D5C-A88F-71ACE8702761}.Release|Any CPU.Build.0 = Release|Any CPU
	EndGlobalSection
	GlobalSection(SolutionProperties) = preSolution
		HideSolutionNode = FALSE
	EndGlobalSection
	GlobalSection(ExtensibilityGlobals) = postSolution
		SolutionGuid = {23506980-99F9-434B-A34E-B21145C6E5C4}
	EndGlobalSection
EndGlobal
